{
  "name": "Python",
  "version": "1.0.0",
  "lockfileVersion": 1,
  "requires": true,
  "dependencies": {
    "@vuepress/plugin-active-header-links": {
      "version": "1.0.0-rc.1",
      "resolved": "https://registry.npm.taobao.org/@vuepress/plugin-active-header-links/download/@vuepress/plugin-active-header-links-1.0.0-rc.1.tgz",
      "integrity": "sha1-RtxvLv5q7xDDb4cOArbXr0c94Mw=",
      "dev": true,
      "requires": {
        "lodash.throttle": "^4.1.1"
      }
    },
    "@vuepress/plugin-back-to-top": {
      "version": "1.0.0-rc.1",
      "resolved": "https://registry.npm.taobao.org/@vuepress/plugin-back-to-top/download/@vuepress/plugin-back-to-top-1.0.0-rc.1.tgz",
      "integrity": "sha1-kftpPzx9ep2AGYQrsGGtdWRF5Mo=",
      "dev": true,
      "requires": {
        "lodash.debounce": "^4.0.8"
      }
    },
    "@vuepress/plugin-google-analytics": {
      "version": "1.0.0-rc.1",
      "resolved": "https://registry.npm.taobao.org/@vuepress/plugin-google-analytics/download/@vuepress/plugin-google-analytics-1.0.0-rc.1.tgz",
      "integrity": "sha1-aWPvSXECkyZxN6EUEi+zYw3EQ+I=",
      "dev": true
    },
    "lodash.debounce": {
      "version": "4.0.8",
      "resolved": "https://registry.npm.taobao.org/lodash.debounce/download/lodash.debounce-4.0.8.tgz",
      "integrity": "sha1-gteb/zCmfEAF/9XiUVMArZyk168=",
      "dev": true
    },
    "lodash.throttle": {
      "version": "4.1.1",
      "resolved": "https://registry.npm.taobao.org/lodash.throttle/download/lodash.throttle-4.1.1.tgz",
      "integrity": "sha1-wj6RtxAkKscMN/HhzaknTMOb8vQ=",
      "dev": true
    }
  }
}
